
Microsoft Visual Studio Solution File, Format Version 12.00
# Visual Studio 15
VisualStudioVersion = 15.0.28010.2048
MinimumVisualStudioVersion = 10.0.40219.1
Project("{9A19103F-16F7-4668-BE54-9A1E7A4F7556}") = "Core", "Core\Core.csproj", "{077B6A3E-43BD-421E-AFD4-43AE97C09D9C}"
EndProject
Project("{9A19103F-16F7-4668-BE54-9A1E7A4F7556}") = "FrontEnd", "FrontEnd\FrontEnd.csproj", "{A6C7C175-0C68-4711-88DE-17FEADE94E0C}"
EndProject
Project("{FAE04EC0-301F-11D3-BF4B-00C04F79EFBC}") = "Tests", "Tests\Tests.csproj", "{AFDA8005-DB7C-46BA-B18B-50A6D50BE4B7}"
EndProject
Global
	GlobalSection(SolutionConfigurationPlatforms) = preSolution
		Debug|Any CPU = Debug|Any CPU
		Release|Any CPU = Release|Any CPU
	EndGlobalSection
	GlobalSection(ProjectConfigurationPlatforms) = postSolution
		{077B6A3E-43BD-421E-AFD4-43AE97C09D9C}.Debug|Any CPU.ActiveCfg = Debug|Any CPU
		{077B6A3E-43BD-421E-AFD4-43AE97C09D9C}.Debug|Any CPU.Build.0 = Debug|Any CPU
		{077B6A3E-43BD-421E-AFD4-43AE97C09D9C}.Release|Any CPU.ActiveCfg = Release|Any CPU
		{077B6A3E-43BD-421E-AFD4-43AE97C09D9C}.Release|Any CPU.Build.0 = Release|Any CPU
		{A6C7C175-0C68-4711-88DE-17FEADE94E0C}.Debug|Any CPU.ActiveCfg = Debug|Any CPU
		{A6C7C175-0C68-4711-88DE-17FEADE94E0C}.Debug|Any CPU.Build.0 = Debug|Any CPU
		{A6C7C175-0C68-4711-88DE-17FEADE94E0C}.Release|Any CPU.ActiveCfg = Release|Any CPU
		{A6C7C175-0C68-4711-88DE-17FEADE94E0C}.Release|Any CPU.Build.0 = Release|Any CPU
		{AFDA8005-DB7C-46BA-B18B-50A6D50BE4B7}.Debug|Any CPU.ActiveCfg = Debug|Any CPU
		{AFDA8005-DB7C-46BA-B18B-50A6D50BE4B7}.Debug|Any CPU.Build.0 = Debug|Any CPU
		{AFDA8005-DB7C-46BA-B18B-50A6D50BE4B7}.Release|Any CPU.ActiveCfg = Release|Any CPU
		{AFDA8005-DB7C-46BA-B18B-50A6D50BE4B7}.Release|Any CPU.Build.0 = Release|Any CPU
	EndGlobalSection
	GlobalSection(SolutionProperties) = preSolution
		HideSolutionNode = FALSE
	EndGlobalSection
	GlobalSection(ExtensibilityGlobals) = postSolution
		SolutionGuid = {5E9916BA-4457-410B-B124-71053A23615F}
	EndGlobalSection
EndGlobal
